
Microsoft Visual Studio Solution File, Format Version 12.00
# Visual Studio Version 17
VisualStudioVersion = 17.0.31903.59
MinimumVisualStudioVersion = 10.0.40219.1
Project("{FAE04EC0-301F-11D3-BF4B-00C04F79EFBC}") = "API", "API\API.csproj", "{52F3B687-54C1-4158-B44A-6B8EDACD0905}"
EndProject
Project("{FAE04EC0-301F-11D3-BF4B-00C04F79EFBC}") = "Application", "Application\Application.csproj", "{AB6D4302-3BC6-4AE7-A500-5C1CC8DB3927}"
EndProject
Project("{FAE04EC0-301F-11D3-BF4B-00C04F79EFBC}") = "Domain", "Domain\Domain.csproj", "{0BA94A80-55CD-488E-B4C8-FA08CD9A57CC}"
EndProject
Project("{FAE04EC0-301F-11D3-BF4B-00C04F79EFBC}") = "Persistence", "Persistence\Persistence.csproj", "{8809E4D8-754B-4D9D-884C-AFE9DE7730E0}"
EndProject
Project("{FAE04EC0-301F-11D3-BF4B-00C04F79EFBC}") = "Infrastructure", "Infrastructure\Infrastructure.csproj", "{F136B035-A643-40BD-8F03-FAE195E04719}"
EndProject
Global
	GlobalSection(SolutionConfigurationPlatforms) = preSolution
		Debug|Any CPU = Debug|Any CPU
		Release|Any CPU = Release|Any CPU
	EndGlobalSection
	GlobalSection(SolutionProperties) = preSolution
		HideSolutionNode = FALSE
	EndGlobalSection
	GlobalSection(ProjectConfigurationPlatforms) = postSolution
		{52F3B687-54C1-4158-B44A-6B8EDACD0905}.Debug|Any CPU.ActiveCfg = Debug|Any CPU
		{52F3B687-54C1-4158-B44A-6B8EDACD0905}.Debug|Any CPU.Build.0 = Debug|Any CPU
		{52F3B687-54C1-4158-B44A-6B8EDACD0905}.Release|Any CPU.ActiveCfg = Release|Any CPU
		{52F3B687-54C1-4158-B44A-6B8EDACD0905}.Release|Any CPU.Build.0 = Release|Any CPU
		{AB6D4302-3BC6-4AE7-A500-5C1CC8DB3927}.Debug|Any CPU.ActiveCfg = Debug|Any CPU
		{AB6D4302-3BC6-4AE7-A500-5C1CC8DB3927}.Debug|Any CPU.Build.0 = Debug|Any CPU
		{AB6D4302-3BC6-4AE7-A500-5C1CC8DB3927}.Release|Any CPU.ActiveCfg = Release|Any CPU
		{AB6D4302-3BC6-4AE7-A500-5C1CC8DB3927}.Release|Any CPU.Build.0 = Release|Any CPU
		{0BA94A80-55CD-488E-B4C8-FA08CD9A57CC}.Debug|Any CPU.ActiveCfg = Debug|Any CPU
		{0BA94A80-55CD-488E-B4C8-FA08CD9A57CC}.Debug|Any CPU.Build.0 = Debug|Any CPU
		{0BA94A80-55CD-488E-B4C8-FA08CD9A57CC}.Release|Any CPU.ActiveCfg = Release|Any CPU
		{0BA94A80-55CD-488E-B4C8-FA08CD9A57CC}.Release|Any CPU.Build.0 = Release|Any CPU
		{8809E4D8-754B-4D9D-884C-AFE9DE7730E0}.Debug|Any CPU.ActiveCfg = Debug|Any CPU
		{8809E4D8-754B-4D9D-884C-AFE9DE7730E0}.Debug|Any CPU.Build.0 = Debug|Any CPU
		{8809E4D8-754B-4D9D-884C-AFE9DE7730E0}.Release|Any CPU.ActiveCfg = Release|Any CPU
		{8809E4D8-754B-4D9D-884C-AFE9DE7730E0}.Release|Any CPU.Build.0 = Release|Any CPU
		{F136B035-A643-40BD-8F03-FAE195E04719}.Debug|Any CPU.ActiveCfg = Debug|Any CPU
		{F136B035-A643-40BD-8F03-FAE195E04719}.Debug|Any CPU.Build.0 = Debug|Any CPU
		{F136B035-A643-40BD-8F03-FAE195E04719}.Release|Any CPU.ActiveCfg = Release|Any CPU
		{F136B035-A643-40BD-8F03-FAE195E04719}.Release|Any CPU.Build.0 = Release|Any CPU
	EndGlobalSection
EndGlobal
